// !$*UTF8*$!
{
	archiveVersion = 1;
	classes = {
	};
	objectVersion = 51;
	objects = {

/* Begin PBXBuildFile section */
		4789722223E9F459006615A1 /* AppDelegate.swift in Sources */ = {isa = PBXBuildFile; fileRef = 4789722123E9F459006615A1 /* AppDelegate.swift */; };
		4789722423E9F459006615A1 /* SceneDelegate.swift in Sources */ = {isa = PBXBuildFile; fileRef = 4789722323E9F459006615A1 /* SceneDelegate.swift */; };
		4789722623E9F459006615A1 /* ViewController.swift in Sources */ = {isa = PBXBuildFile; fileRef = 4789722523E9F459006615A1 /* ViewController.swift */; };
		4789722923E9F459006615A1 /* Main.storyboard in Resources */ = {isa = PBXBuildFile; fileRef = 4789722723E9F459006615A1 /* Main.storyboard */; };
		4789722B23E9F45C006615A1 /* Assets.xcassets in Resources */ = {isa = PBXBuildFile; fileRef = 4789722A23E9F45C006615A1 /* Assets.xcassets */; };
		4789722E23E9F45C006615A1 /* LaunchScreen.storyboard in Resources */ = {isa = PBXBuildFile; fileRef = 4789722C23E9F45C006615A1 /* LaunchScreen.storyboard */; };
		4798B76623EA0961009E3924 /* TableViewControllerOne.swift in Sources */ = {isa = PBXBuildFile; fileRef = 4798B76523EA0961009E3924 /* TableViewControllerOne.swift */; };
		4798B76823EA09BE009E3924 /* TableViewCellOne.swift in Sources */ = {isa = PBXBuildFile; fileRef = 4798B76723EA09BE009E3924 /* TableViewCellOne.swift */; };
		4798B76A23EA0D19009E3924 /* TableViewControllerTwo.swift in Sources */ = {isa = PBXBuildFile; fileRef = 4798B76923EA0D19009E3924 /* TableViewControllerTwo.swift */; };
		4798B76C23EA0D30009E3924 /* TableViewCellTwo.swift in Sources */ = {isa = PBXBuildFile; fileRef = 4798B76B23EA0D30009E3924 /* TableViewCellTwo.swift */; };
		4798B77323EA1314009E3924 /* TableViewCellThree.swift in Sources */ = {isa = PBXBuildFile; fileRef = 4798B77123EA1314009E3924 /* TableViewCellThree.swift */; };
		4798B77423EA1314009E3924 /* TableViewControllerThree.swift in Sources */ = {isa = PBXBuildFile; fileRef = 4798B77223EA1314009E3924 /* TableViewControllerThree.swift */; };
		47D754CB23EA271300113FA1 /* ViewControllerFour.swift in Sources */ = {isa = PBXBuildFile; fileRef = 47D754CA23EA271300113FA1 /* ViewControllerFour.swift */; };
		C1437777326EE81507DF1DB9 /* Pods_ExampleTabBar.framework in Frameworks */ = {isa = PBXBuildFile; fileRef = C5AC67FC94B124A1AAE0CD94 /* Pods_ExampleTabBar.framework */; };
/* End PBXBuildFile section */

/* Begin PBXFileReference section */
		1BC6FCEF9EAE272DFDD578C2 /* Pods-ExampleTabBar.release.xcconfig */ = {isa = PBXFileReference; includeInIndex = 1; lastKnownFileType = text.xcconfig; name = "Pods-ExampleTabBar.release.xcconfig"; path = "Target Support Files/Pods-ExampleTabBar/Pods-ExampleTabBar.release.xcconfig"; sourceTree = "<group>"; };
		4789721E23E9F459006615A1 /* ExampleTabBar.app */ = {isa = PBXFileReference; explicitFileType = wrapper.application; includeInIndex = 0; path = ExampleTabBar.app; sourceTree = BUILT_PRODUCTS_DIR; };
		4789722123E9F459006615A1 /* AppDelegate.swift */ = {isa = PBXFileReference; lastKnownFileType = sourcecode.swift; path = AppDelegate.swift; sourceTree = "<group>"; };
		4789722323E9F459006615A1 /* SceneDelegate.swift */ = {isa = PBXFileReference; lastKnownFileType = sourcecode.swift; path = SceneDelegate.swift; sourceTree = "<group>"; };
		4789722523E9F459006615A1 /* ViewController.swift */ = {isa = PBXFileReference; lastKnownFileType = sourcecode.swift; path = ViewController.swift; sourceTree = "<group>"; };
		4789722823E9F459006615A1 /* Base */ = {isa = PBXFileReference; lastKnownFileType = file.storyboard; name = Base; path = Base.lproj/Main.storyboard; sourceTree = "<group>"; };
		4789722A23E9F45C006615A1 /* Assets.xcassets */ = {isa = PBXFileReference; lastKnownFileType = folder.assetcatalog; path = Assets.xcassets; sourceTree = "<group>"; };
		4789722D23E9F45C006615A1 /* Base */ = {isa = PBXFileReference; lastKnownFileType = file.storyboard; name = Base; path = Base.lproj/LaunchScreen.storyboard; sourceTree = "<group>"; };
		4789722F23E9F45C006615A1 /* Info.plist */ = {isa = PBXFileReference; lastKnownFileType = text.plist.xml; path = Info.plist; sourceTree = "<group>"; };
		4798B76523EA0961009E3924 /* TableViewControllerOne.swift */ = {isa = PBXFileReference; lastKnownFileType = sourcecode.swift; path = TableViewControllerOne.swift; sourceTree = "<group>"; };
		4798B76723EA09BE009E3924 /* TableViewCellOne.swift */ = {isa = PBXFileReference; lastKnownFileType = sourcecode.swift; path = TableViewCellOne.swift; sourceTree = "<group>"; };
		4798B76923EA0D19009E3924 /* TableViewControllerTwo.swift */ = {isa = PBXFileReference; lastKnownFileType = sourcecode.swift; path = TableViewControllerTwo.swift; sourceTree = "<group>"; };
		4798B76B23EA0D30009E3924 /* TableViewCellTwo.swift */ = {isa = PBXFileReference; lastKnownFileType = sourcecode.swift; path = TableViewCellTwo.swift; sourceTree = "<group>"; };
		4798B77123EA1314009E3924 /* TableViewCellThree.swift */ = {isa = PBXFileReference; fileEncoding = 4; lastKnownFileType = sourcecode.swift; path = TableViewCellThree.swift; sourceTree = "<group>"; };
		4798B77223EA1314009E3924 /* TableViewControllerThree.swift */ = {isa = PBXFileReference; fileEncoding = 4; lastKnownFileType = sourcecode.swift; path = TableViewControllerThree.swift; sourceTree = "<group>"; };
		47D754CA23EA271300113FA1 /* ViewControllerFour.swift */ = {isa = PBXFileReference; lastKnownFileType = sourcecode.swift; path = ViewControllerFour.swift; sourceTree = "<group>"; };
		C5AC67FC94B124A1AAE0CD94 /* Pods_ExampleTabBar.framework */ = {isa = PBXFileReference; explicitFileType = wrapper.framework; includeInIndex = 0; path = Pods_ExampleTabBar.framework; sourceTree = BUILT_PRODUCTS_DIR; };
		C7FBFD5EC9247AD11EA40923 /* Pods-ExampleTabBar.debug.xcconfig */ = {isa = PBXFileReference; includeInIndex = 1; lastKnownFileType = text.xcconfig; name = "Pods-ExampleTabBar.debug.xcconfig"; path = "Target Support Files/Pods-ExampleTabBar/Pods-ExampleTabBar.debug.xcconfig"; sourceTree = "<group>"; };
/* End PBXFileReference section */

/* Begin PBXFrameworksBuildPhase section */
		4789721B23E9F459006615A1 /* Frameworks */ = {
			isa = PBXFrameworksBuildPhase;
			buildActionMask = 2147483647;
			files = (
				C1437777326EE81507DF1DB9 /* Pods_ExampleTabBar.framework in Frameworks */,
			);
			runOnlyForDeploymentPostprocessing = 0;
		};
/* End PBXFrameworksBuildPhase section */

/* Begin PBXGroup section */
		34D2886A7363565F3A416FD7 /* Pods */ = {
			isa = PBXGroup;
			children = (
				C7FBFD5EC9247AD11EA40923 /* Pods-ExampleTabBar.debug.xcconfig */,
				1BC6FCEF9EAE272DFDD578C2 /* Pods-ExampleTabBar.release.xcconfig */,
			);
			path = Pods;
			sourceTree = "<group>";
		};
		4789721523E9F459006615A1 = {
			isa = PBXGroup;
			children = (
				4789722023E9F459006615A1 /* ExampleTabBar */,
				4789721F23E9F459006615A1 /* Products */,
				34D2886A7363565F3A416FD7 /* Pods */,
				A68E5A5E990ED0D37DBF1C3B /* Frameworks */,
			);
			sourceTree = "<group>";
		};
		4789721F23E9F459006615A1 /* Products */ = {
			isa = PBXGroup;
			children = (
				4789721E23E9F459006615A1 /* ExampleTabBar.app */,
			);
			name = Products;
			sourceTree = "<group>";
		};
		4789722023E9F459006615A1 /* ExampleTabBar */ = {
			isa = PBXGroup;
			children = (
				4789722123E9F459006615A1 /* AppDelegate.swift */,
				4789722323E9F459006615A1 /* SceneDelegate.swift */,
				4798B77123EA1314009E3924 /* TableViewCellThree.swift */,
				4798B77223EA1314009E3924 /* TableViewControllerThree.swift */,
				4789722523E9F459006615A1 /* ViewController.swift */,
				4798B76923EA0D19009E3924 /* TableViewControllerTwo.swift */,
				4798B76B23EA0D30009E3924 /* TableViewCellTwo.swift */,
				4789722723E9F459006615A1 /* Main.storyboard */,
				47D754CA23EA271300113FA1 /* ViewControllerFour.swift */,
				4798B76523EA0961009E3924 /* TableViewControllerOne.swift */,
				4798B76723EA09BE009E3924 /* TableViewCellOne.swift */,
				4789722A23E9F45C006615A1 /* Assets.xcassets */,
				4789722C23E9F45C006615A1 /* LaunchScreen.storyboard */,
				4789722F23E9F45C006615A1 /* Info.plist */,
			);
			path = ExampleTabBar;
			sourceTree = "<group>";
		};
		A68E5A5E990ED0D37DBF1C3B /* Frameworks */ = {
			isa = PBXGroup;
			children = (
				C5AC67FC94B124A1AAE0CD94 /* Pods_ExampleTabBar.framework */,
			);
			name = Frameworks;
			sourceTree = "<group>";
		};
/* End PBXGroup section */

/* Begin PBXNativeTarget section */
		4789721D23E9F459006615A1 /* ExampleTabBar */ = {
			isa = PBXNativeTarget;
			buildConfigurationList = 4789723223E9F45C006615A1 /* Build configuration list for PBXNativeTarget "ExampleTabBar" */;
			buildPhases = (
				3B3AEF711E8B61776CBCE5B2 /* [CP] Check Pods Manifest.lock */,
				4789721A23E9F459006615A1 /* Sources */,
				4789721B23E9F459006615A1 /* Frameworks */,
				4789721C23E9F459006615A1 /* Resources */,
				C8CCEFDC1C4BE0774A33CC5F /* [CP] Embed Pods Frameworks */,
			);
			buildRules = (
			);
			dependencies = (
			);
			name = ExampleTabBar;
			productName = ExampleTabBar;
			productReference = 4789721E23E9F459006615A1 /* ExampleTabBar.app */;
			productType = "com.apple.product-type.application";
		};
/* End PBXNativeTarget section */

/* Begin PBXProject section */
		4789721623E9F459006615A1 /* Project object */ = {
			isa = PBXProject;
			attributes = {
				LastSwiftUpdateCheck = 1130;
				LastUpgradeCheck = 1130;
				ORGANIZATIONNAME = "Kosim Mukaramov";
				TargetAttributes = {
					4789721D23E9F459006615A1 = {
						CreatedOnToolsVersion = 11.3;
					};
				};
			};
			buildConfigurationList = 4789721923E9F459006615A1 /* Build configuration list for PBXProject "ExampleTabBar" */;
			compatibilityVersion = "Xcode 9.3";
			developmentRegion = en;
			hasScannedForEncodings = 0;
			knownRegions = (
				en,
				Base,
			);
			mainGroup = 4789721523E9F459006615A1;
			productRefGroup = 4789721F23E9F459006615A1 /* Products */;
			projectDirPath = "";
			projectRoot = "";
			targets = (
				4789721D23E9F459006615A1 /* ExampleTabBar */,
			);
		};
/* End PBXProject section */

/* Begin PBXResourcesBuildPhase section */
		4789721C23E9F459006615A1 /* Resources */ = {
			isa = PBXResourcesBuildPhase;
			buildActionMask = 2147483647;
			files = (
				4789722E23E9F45C006615A1 /* LaunchScreen.storyboard in Resources */,
				4789722B23E9F45C006615A1 /* Assets.xcassets in Resources */,
				4789722923E9F459006615A1 /* Main.storyboard in Resources */,
			);
			runOnlyForDeploymentPostprocessing = 0;
		};
/* End PBXResourcesBuildPhase section */

/* Begin PBXShellScriptBuildPhase section */
		3B3AEF711E8B61776CBCE5B2 /* [CP] Check Pods Manifest.lock */ = {
			isa = PBXShellScriptBuildPhase;
			buildActionMask = 2147483647;
			files = (
			);
			inputFileListPaths = (
			);
			inputPaths = (
				"${PODS_PODFILE_DIR_PATH}/Podfile.lock",
				"${PODS_ROOT}/Manifest.lock",
			);
			name = "[CP] Check Pods Manifest.lock";
			outputFileListPaths = (
			);
			outputPaths = (
				"$(DERIVED_FILE_DIR)/Pods-ExampleTabBar-checkManifestLockResult.txt",
			);
			runOnlyForDeploymentPostprocessing = 0;
			shellPath = /bin/sh;
			shellScript = "diff \"${PODS_PODFILE_DIR_PATH}/Podfile.lock\" \"${PODS_ROOT}/Manifest.lock\" > /dev/null\nif [ $? != 0 ] ; then\n    # print error to STDERR\n    echo \"error: The sandbox is not in sync with the Podfile.lock. Run 'pod install' or update your CocoaPods installation.\" >&2\n    exit 1\nfi\n# This output is used by Xcode 'outputs' to avoid re-running this script phase.\necho \"SUCCESS\" > \"${SCRIPT_OUTPUT_FILE_0}\"\n";
			showEnvVarsInLog = 0;
		};
		C8CCEFDC1C4BE0774A33CC5F /* [CP] Embed Pods Frameworks */ = {
			isa = PBXShellScriptBuildPhase;
			buildActionMask = 2147483647;
			files = (
			);
			inputFileListPaths = (
				"${PODS_ROOT}/Target Support Files/Pods-ExampleTabBar/Pods-ExampleTabBar-frameworks-${CONFIGURATION}-input-files.xcfilelist",
			);
			name = "[CP] Embed Pods Frameworks";
			outputFileListPaths = (
				"${PODS_ROOT}/Target Support Files/Pods-ExampleTabBar/Pods-ExampleTabBar-frameworks-${CONFIGURATION}-output-files.xcfilelist",
			);
			runOnlyForDeploymentPostprocessing = 0;
			shellPath = /bin/sh;
			shellScript = "\"${PODS_ROOT}/Target Support Files/Pods-ExampleTabBar/Pods-ExampleTabBar-frameworks.sh\"\n";
			showEnvVarsInLog = 0;
		};
/* End PBXShellScriptBuildPhase section */

/* Begin PBXSourcesBuildPhase section */
		4789721A23E9F459006615A1 /* Sources */ = {
			isa = PBXSourcesBuildPhase;
			buildActionMask = 2147483647;
			files = (
				4798B76623EA0961009E3924 /* TableViewControllerOne.swift in Sources */,
				4789722623E9F459006615A1 /* ViewController.swift in Sources */,
				47D754CB23EA271300113FA1 /* ViewControllerFour.swift in Sources */,
				4798B76A23EA0D19009E3924 /* TableViewControllerTwo.swift in Sources */,
				4798B76C23EA0D30009E3924 /* TableViewCellTwo.swift in Sources */,
				4789722223E9F459006615A1 /* AppDelegate.swift in Sources */,
				4798B76823EA09BE009E3924 /* TableViewCellOne.swift in Sources */,
				4798B77423EA1314009E3924 /* TableViewControllerThree.swift in Sources */,
				4798B77323EA1314009E3924 /* TableViewCellThree.swift in Sources */,
				4789722423E9F459006615A1 /* SceneDelegate.swift in Sources */,
			);
			runOnlyForDeploymentPostprocessing = 0;
		};
/* End PBXSourcesBuildPhase section */

/* Begin PBXVariantGroup section */
		4789722723E9F459006615A1 /* Main.storyboard */ = {
			isa = PBXVariantGroup;
			children = (
				4789722823E9F459006615A1 /* Base */,
			);
			name = Main.storyboard;
			sourceTree = "<group>";
		};
		4789722C23E9F45C006615A1 /* LaunchScreen.storyboard */ = {
			isa = PBXVariantGroup;
			children = (
				4789722D23E9F45C006615A1 /* Base */,
			);
			name = LaunchScreen.storyboard;
			sourceTree = "<group>";
		};
/* End PBXVariantGroup section */

/* Begin XCBuildConfiguration section */
		4789723023E9F45C006615A1 /* Debug */ = {
			isa = XCBuildConfiguration;
			buildSettings = {
				ALWAYS_SEARCH_USER_PATHS = NO;
				CLANG_ANALYZER_NONNULL = YES;
				CLANG_ANALYZER_NUMBER_OBJECT_CONVERSION = YES_AGGRESSIVE;
				CLANG_CXX_LANGUAGE_STANDARD = "gnu++14";
				CLANG_CXX_LIBRARY = "libc++";
				CLANG_ENABLE_MODULES = YES;
				CLANG_ENABLE_OBJC_ARC = YES;
				CLANG_ENABLE_OBJC_WEAK = YES;
				CLANG_WARN_BLOCK_CAPTURE_AUTORELEASING = YES;
				CLANG_WARN_BOOL_CONVERSION = YES;
				CLANG_WARN_COMMA = YES;
				CLANG_WARN_CONSTANT_CONVERSION = YES;
				CLANG_WARN_DEPRECATED_OBJC_IMPLEMENTATIONS = YES;
				CLANG_WARN_DIRECT_OBJC_ISA_USAGE = YES_ERROR;
				CLANG_WARN_DOCUMENTATION_COMMENTS = YES;
				CLANG_WARN_EMPTY_BODY = YES;
				CLANG_WARN_ENUM_CONVERSION = YES;
				CLANG_WARN_INFINITE_RECURSION = YES;
				CLANG_WARN_INT_CONVERSION = YES;
				CLANG_WARN_NON_LITERAL_NULL_CONVERSION = YES;
				CLANG_WARN_OBJC_IMPLICIT_RETAIN_SELF = YES;
				CLANG_WARN_OBJC_LITERAL_CONVERSION = YES;
				CLANG_WARN_OBJC_ROOT_CLASS = YES_ERROR;
				CLANG_WARN_RANGE_LOOP_ANALYSIS = YES;
				CLANG_WARN_STRICT_PROTOTYPES = YES;
				CLANG_WARN_SUSPICIOUS_MOVE = YES;
				CLANG_WARN_UNGUARDED_AVAILABILITY = YES_AGGRESSIVE;
				CLANG_WARN_UNREACHABLE_CODE = YES;
				CLANG_WARN__DUPLICATE_METHOD_MATCH = YES;
				COPY_PHASE_STRIP = NO;
				DEBUG_INFORMATION_FORMAT = dwarf;
				ENABLE_STRICT_OBJC_MSGSEND = YES;
				ENABLE_TESTABILITY = YES;
				GCC_C_LANGUAGE_STANDARD = gnu11;
				GCC_DYNAMIC_NO_PIC = NO;
				GCC_NO_COMMON_BLOCKS = YES;
				GCC_OPTIMIZATION_LEVEL = 0;
				GCC_PREPROCESSOR_DEFINITIONS = (
					"DEBUG=1",
					"$(inherited)",
				);
				GCC_WARN_64_TO_32_BIT_CONVERSION = YES;
				GCC_WARN_ABOUT_RETURN_TYPE = YES_ERROR;
				GCC_WARN_UNDECLARED_SELECTOR = YES;
				GCC_WARN_UNINITIALIZED_AUTOS = YES_AGGRESSIVE;
				GCC_WARN_UNUSED_FUNCTION = YES;
				GCC_WARN_UNUSED_VARIABLE = YES;
				IPHONEOS_DEPLOYMENT_TARGET = 13.2;
				MTL_ENABLE_DEBUG_INFO = INCLUDE_SOURCE;
				MTL_FAST_MATH = YES;
				ONLY_ACTIVE_ARCH = YES;
				SDKROOT = iphoneos;
				SWIFT_ACTIVE_COMPILATION_CONDITIONS = DEBUG;
				SWIFT_OPTIMIZATION_LEVEL = "-Onone";
			};
			name = Debug;
		};
		4789723123E9F45C006615A1 /* Release */ = {
			isa = XCBuildConfiguration;
			buildSettings = {
				ALWAYS_SEARCH_USER_PATHS = NO;
				CLANG_ANALYZER_NONNULL = YES;
				CLANG_ANALYZER_NUMBER_OBJECT_CONVERSION = YES_AGGRESSIVE;
				CLANG_CXX_LANGUAGE_STANDARD = "gnu++14";
				CLANG_CXX_LIBRARY = "libc++";
				CLANG_ENABLE_MODULES = YES;
				CLANG_ENABLE_OBJC_ARC = YES;
				CLANG_ENABLE_OBJC_WEAK = YES;
				CLANG_WARN_BLOCK_CAPTURE_AUTORELEASING = YES;
				CLANG_WARN_BOOL_CONVERSION = YES;
				CLANG_WARN_COMMA = YES;
				CLANG_WARN_CONSTANT_CONVERSION = YES;
				CLANG_WARN_DEPRECATED_OBJC_IMPLEMENTATIONS = YES;
				CLANG_WARN_DIRECT_OBJC_ISA_USAGE = YES_ERROR;
				CLANG_WARN_DOCUMENTATION_COMMENTS = YES;
				CLANG_WARN_EMPTY_BODY = YES;
				CLANG_WARN_ENUM_CONVERSION = YES;
				CLANG_WARN_INFINITE_RECURSION = YES;
				CLANG_WARN_INT_CONVERSION = YES;
				CLANG_WARN_NON_LITERAL_NULL_CONVERSION = YES;
				CLANG_WARN_OBJC_IMPLICIT_RETAIN_SELF = YES;
				CLANG_WARN_OBJC_LITERAL_CONVERSION = YES;
				CLANG_WARN_OBJC_ROOT_CLASS = YES_ERROR;
				CLANG_WARN_RANGE_LOOP_ANALYSIS = YES;
				CLANG_WARN_STRICT_PROTOTYPES = YES;
				CLANG_WARN_SUSPICIOUS_MOVE = YES;
				CLANG_WARN_UNGUARDED_AVAILABILITY = YES_AGGRESSIVE;
				CLANG_WARN_UNREACHABLE_CODE = YES;
				CLANG_WARN__DUPLICATE_METHOD_MATCH = YES;
				COPY_PHASE_STRIP = NO;
				DEBUG_INFORMATION_FORMAT = "dwarf-with-dsym";
				ENABLE_NS_ASSERTIONS = NO;
				ENABLE_STRICT_OBJC_MSGSEND = YES;
				GCC_C_LANGUAGE_STANDARD = gnu11;
				GCC_NO_COMMON_BLOCKS = YES;
				GCC_WARN_64_TO_32_BIT_CONVERSION = YES;
				GCC_WARN_ABOUT_RETURN_TYPE = YES_ERROR;
				GCC_WARN_UNDECLARED_SELECTOR = YES;
				GCC_WARN_UNINITIALIZED_AUTOS = YES_AGGRESSIVE;
				GCC_WARN_UNUSED_FUNCTION = YES;
				GCC_WARN_UNUSED_VARIABLE = YES;
				IPHONEOS_DEPLOYMENT_TARGET = 13.2;
				MTL_ENABLE_DEBUG_INFO = NO;
				MTL_FAST_MATH = YES;
				SDKROOT = iphoneos;
				SWIFT_COMPILATION_MODE = wholemodule;
				SWIFT_OPTIMIZATION_LEVEL = "-O";
				VALIDATE_PRODUCT = YES;
			};
			name = Release;
		};
		4789723323E9F45C006615A1 /* Debug */ = {
			isa = XCBuildConfiguration;
			baseConfigurationReference = C7FBFD5EC9247AD11EA40923 /* Pods-ExampleTabBar.debug.xcconfig */;
			buildSettings = {
				ASSETCATALOG_COMPILER_APPICON_NAME = AppIcon;
				CODE_SIGN_STYLE = Automatic;
				INFOPLIST_FILE = ExampleTabBar/Info.plist;
				LD_RUNPATH_SEARCH_PATHS = (
					"$(inherited)",
					"@executable_path/Frameworks",
				);
				PRODUCT_BUNDLE_IDENTIFIER = com.kosim.mukaramov.ExampleTabBar;
				PRODUCT_NAME = "$(TARGET_NAME)";
				SWIFT_VERSION = 5.0;
				TARGETED_DEVICE_FAMILY = "1,2";
			};
			name = Debug;
		};
		4789723423E9F45C006615A1 /* Release */ = {
			isa = XCBuildConfiguration;
			baseConfigurationReference = 1BC6FCEF9EAE272DFDD578C2 /* Pods-ExampleTabBar.release.xcconfig */;
			buildSettings = {
				ASSETCATALOG_COMPILER_APPICON_NAME = AppIcon;
				CODE_SIGN_STYLE = Automatic;
				INFOPLIST_FILE = ExampleTabBar/Info.plist;
				LD_RUNPATH_SEARCH_PATHS = (
					"$(inherited)",
					"@executable_path/Frameworks",
				);
				PRODUCT_BUNDLE_IDENTIFIER = com.kosim.mukaramov.ExampleTabBar;
				PRODUCT_NAME = "$(TARGET_NAME)";
				SWIFT_VERSION = 5.0;
				TARGETED_DEVICE_FAMILY = "1,2";
			};
			name = Release;
		};
/* End XCBuildConfiguration section */

/* Begin XCConfigurationList section */
		4789721923E9F459006615A1 /* Build configuration list for PBXProject "ExampleTabBar" */ = {
			isa = XCConfigurationList;
			buildConfigurations = (
				4789723023E9F45C006615A1 /* Debug */,
				4789723123E9F45C006615A1 /* Release */,
			);
			defaultConfigurationIsVisible = 0;
			defaultConfigurationName = Release;
		};
		4789723223E9F45C006615A1 /* Build configuration list for PBXNativeTarget "ExampleTabBar" */ = {
			isa = XCConfigurationList;
			buildConfigurations = (
				4789723323E9F45C006615A1 /* Debug */,
				4789723423E9F45C006615A1 /* Release */,
			);
			defaultConfigurationIsVisible = 0;
			defaultConfigurationName = Release;
		};
/* End XCConfigurationList section */
	};
	rootObject = 4789721623E9F459006615A1 /* Project object */;
}
